{
    "_meta": {
        "hash": {
            "sha256": "559adf19a83a27e96dca870909a0a2005e98180a0e77fc602f0e7baa770236fc"
        },
        "pipfile-spec": 6,
        "requires": {
            "python_version": "3.9"
        },
        "sources": [
            {
                "name": "pypi",
                "url": "https://pypi.org/simple",
                "verify_ssl": true
            }
        ]
    },
    "default": {
        "pymupdf": {
            "hashes": [
                "sha256:020ecfa4c1b11c6038d025b3bd2e2d792e8ab91281f20daec11f50f23b058b5f",
                "sha256:02f974afd92474c5081ffd862a037d2cde70ff4edb4d040474259a11a3473df8",
                "sha256:2a474af4f9c3542e5f1a9f2a9a661adec471dc84da4cde32e955e80138b759c9",
                "sha256:31b5be360eca2a8e600f1b819f57320f757f7ecc7e6d50d19f80184367f64ed9",
                "sha256:36f25539c2463ae383f449220c9e7f1fd7145b25387242947d6e2a1b8c8b5412",
                "sha256:45b7e8a79a9348dd11c821d3ac54f2b9d4a410932aa8b21773d82e96de639eae",
                "sha256:644d664d63fae1b2f0031b38ceeca09bedb749023be62f8ba5ebd933c79efd3a",
                "sha256:66d8024c50b742d7db2f8f729897d86acc080c32034012b7cae83f926b3dc09c",
                "sha256:7afaf280be531f2f73c82834bb9c04252675908610038af810fc39a934f0fa4e",
                "sha256:7b1af467b760e1ad98c955231fee770b4d315f7aba08d21855b79982c3f02a1f",
                "sha256:862107f0ea0e507f0b03e9fbe342136887eb240eed4803077e58e2e0d90317e6",
                "sha256:a1d7f06abb068095d86261b3804567707385b6b6e299c1966d6652e44b72d91d",
                "sha256:a4ced75f187c63ad3c6119ebf73d901499479dbdbc92e61174b18fc452fefaa9",
                "sha256:b6baecb6ec0b0d8676547bac10a9ec0ce1116baeb7d77eea55ef5ccf7545ea9d",
                "sha256:bbc934470cb1b579e84b21c4b23b9e46c526b0790cef2f5883f041db0450b9d5",
                "sha256:c0af1ed77d26fbd7a63cae35c062904a9f1d9935cd6652766c9585b97168814a",
                "sha256:e4bb2817b4c11aaeb3aa79e0aca8861490fa82d27130cb683b30f6addb7ae31c",
                "sha256:eb5d72dca986737d19c9f574a2764a986b685a2cea89adb0905181b00409d796",
                "sha256:ed6505ee996f302dbf45efed0a83fedb378bad9f5783cc7dda78f5551a660689",
                "sha256:efe85cb80f79cc3f3890aa2ab82b962b8a999ca078e33e9bacc5d0be5c4656dc",
                "sha256:f095aff92cb3e130a4e4dec043535646895434a048e8baaff684df7d9129d098"
            ],
            "index": "pypi",
            "version": "==1.18.14"
        }
    },
    "develop": {}
}
